name: proteins
channels:
  - salilab
  - bioconda
  - conda-forge
  - schrodinger
  - defaults
dependencies:
  - absl-py=0.9.0
  - apbs=1.5
  - apipkg=1.5
  - appnope=0.1.0
  - argtable2=2.13
  - attrs=19.3.0
  - backcall=0.1.0
  - blas=1.0
  - blast=2.9.0
  - bleach=3.1.4
  - bzip2=1.0.8
  - ca-certificates=2020.1.1
  - certifi=2020.4.5.1
  - cffi=1.14.0
  - chardet=3.0.4
  - clustalo=1.2.4
  - cryptography=2.9.2
  - curl=7.69.1
  - cycler=0.10.0
  - dbus=1.13.14
  - decorator=4.4.2
  - defusedxml=0.6.0
  - dicttoxml=1.7.4
  - dssp=3.0.0
  - entrez-direct=13.3
  - entrypoints=0.3
  - execnet=1.7.1
  - expat=2.2.6
  - freemol=1.158
  - freetype=2.9.1
  - future=0.18.2
  - gettext=0.19.8.1
  - glew=2.1.0
  - glib=2.63.1
  - h5py=2.10.0
  - hdf4=4.2.13
  - hdf5=1.10.4
  - icu=58.2
  - idna=2.9
  - importlib-metadata=1.6.0
  - importlib_metadata=1.6.0
  - intel-openmp=2019.4
  - ipykernel=5.1.4
  - ipython=7.13.0
  - ipython_genutils=0.2.0
  - ipywidgets=7.5.1
  - jax=0.1.45
  - jaxlib=0.1.47
  - jedi=0.17.0
  - jinja2=2.11.2
  - joblib=0.15.1
  - jpeg=9b
  - json5=0.9.4
  - jsonschema=3.2.0
  - jupyter=1.0.0
  - jupyter_client=6.1.3
  - jupyter_console=6.1.0
  - jupyter_core=4.6.3
  - jupyterlab=1.2.6
  - jupyterlab_server=1.1.4
  - kiwisolver=1.2.0
  - krb5=1.17.1
  - libboost=1.67.0
  - libcurl=7.69.1
  - libcxx=10.0.0
  - libedit=3.1.20181209
  - libffi=3.3
  - libgfortran=3.0.1
  - libholoplaycore=0.1.0_rc4
  - libiconv=1.16
  - libnetcdf=4.7.3
  - libopenblas=0.3.6
  - libpng=1.6.37
  - libprotobuf=3.11.4
  - libsodium=1.0.16
  - libssh2=1.9.0
  - libtiff=4.1.0
  - libxml2=2.9.9
  - llvm-openmp=10.0.0
  - llvmlite=0.32.1
  - lz4-c=1.9.2
  - markupsafe=1.1.1
  - matplotlib=3.1.3
  - matplotlib-base=3.1.3
  - mengine=1
  - mistune=0.8.4
  - mkl=2019.4
  - mkl-service=2.3.0
  - mkl_fft=1.0.15
  - mkl_random=1.1.1
  - more-itertools=8.3.0
  - mpeg_encode=1
  - mtz2ccp4_px=1.0
  - muscle=3.8.1551
  - nbconvert=5.6.1
  - nbformat=5.0.6
  - ncurses=6.2
  - nodejs=10.13.0
  - notebook=6.0.3
  - numba=0.49.1
  - numpy=1.18.1
  - numpy-base=1.18.1
  - olefile=0.46
  - openssl=1.1.1g
  - opt_einsum=3.1.0
  - packaging=20.3
  - pandas=1.0.3
  - pandoc=2.2.3.2
  - pandocfilters=1.4.2
  - parso=0.7.0
  - pcre=8.43
  - pdb2pqr=2.1.2+pymol
  - perl=5.26.2
  - perl-archive-tar=2.32
  - perl-base=2.23
  - perl-business-isbn=3.004
  - perl-business-isbn-data=20140910.003
  - perl-carp=1.38
  - perl-common-sense=3.74
  - perl-compress-raw-bzip2=2.087
  - perl-compress-raw-zlib=2.087
  - perl-constant=1.33
  - perl-data-dumper=2.173
  - perl-digest-hmac=1.03
  - perl-digest-md5=2.55
  - perl-encode=2.88
  - perl-encode-locale=1.05
  - perl-exporter=5.72
  - perl-exporter-tiny=1.002001
  - perl-extutils-makemaker=7.36
  - perl-file-listing=6.04
  - perl-html-parser=3.72
  - perl-html-tagset=3.20
  - perl-html-tree=5.07
  - perl-http-cookies=6.04
  - perl-http-daemon=6.01
  - perl-http-date=6.02
  - perl-http-message=6.18
  - perl-http-negotiate=6.01
  - perl-io-compress=2.087
  - perl-io-html=1.001
  - perl-io-socket-ssl=2.066
  - perl-io-zlib=1.10
  - perl-json=4.02
  - perl-json-xs=2.34
  - perl-libwww-perl=6.39
  - perl-list-moreutils=0.428
  - perl-list-moreutils-xs=0.428
  - perl-lwp-mediatypes=6.04
  - perl-lwp-protocol-https=6.07
  - perl-mime-base64=3.15
  - perl-mozilla-ca=20180117
  - perl-net-http=6.19
  - perl-net-ssleay=1.88
  - perl-ntlm=1.09
  - perl-parent=0.236
  - perl-pathtools=3.75
  - perl-scalar-list-utils=1.52
  - perl-socket=2.027
  - perl-storable=3.15
  - perl-test-requiresinternet=0.05
  - perl-time-local=1.28
  - perl-try-tiny=0.30
  - perl-types-serialiser=1.0
  - perl-uri=1.76
  - perl-www-robotrules=6.02
  - perl-xml-namespacesupport=1.12
  - perl-xml-parser=2.44_01
  - perl-xml-sax=0.99
  - perl-xml-sax-base=1.09
  - perl-xml-sax-expat=0.51
  - perl-xml-simple=2.25
  - perl-xsloader=0.24
  - pexpect=4.8.0
  - pickleshare=0.7.5
  - pillow=7.1.2
  - pint=0.10.1
  - pip=20.0.2
  - pluggy=0.13.1
  - pmw=2.0.1
  - prometheus_client=0.7.1
  - prompt-toolkit=3.0.5
  - prompt_toolkit=3.0.5
  - protobuf=3.11.4
  - ptyprocess=0.6.0
  - py=1.8.1
  - py-cpuinfo=5.0.0
  - pycparser=2.20
  - pygments=2.6.1
  - pymol=2.4.0
  - pyopenssl=19.1.0
  - pyparsing=2.4.7
  - pyqt=5.9.2
  - pyrsistent=0.16.0
  - pysocks=1.7.1
  - pytest=5.4.2
  - pytest-benchmark=3.2.2
  - pytest-forked=1.1.3
  - pytest-repeat=0.8.0
  - pytest-xdist=1.32.0
  - python=3.8.3
  - python-dateutil=2.8.1
  - python_abi=3.8
  - pytz=2020.1
  - pyzmq=18.1.1
  - qt=5.9.7
  - qtconsole=4.7.4
  - qtpy=1.9.0
  - readline=8.0
  - requests=2.23.0
  - rigimol=1.3
  - scikit-learn=0.22.1
  - scipy=1.4.1
  - send2trash=1.5.0
  - setuptools=47.1.1
  - sip=4.19.8
  - six=1.15.0
  - sqlite=3.31.1
  - tbb=2020.0
  - terminado=0.8.3
  - testpath=0.4.4
  - tk=8.6.8
  - tornado=6.0.4
  - tqdm=4.46.0
  - traitlets=4.3.3
  - uncertainties=3.1.4
  - urllib3=1.25.8
  - wcwidth=0.1.9
  - webencodings=0.5.1
  - wheel=0.34.2
  - widgetsnbextension=3.5.1
  - xz=5.2.5
  - yattag=1.13.2
  - zeromq=4.3.1
  - zipp=3.1.0
  - zlib=1.2.11
  - zstd=1.4.4
  - pip:
    - biopython==1.77.dev0
    - nbmerge==0.0.4
prefix: /Users/aviv/miniconda3/envs/proteins

