name: proteins
channels:
  - salilab
  - bioconda
  - conda-forge
  - schrodinger
  - defaults
dependencies:
  - apbs=1.5
  - apipkg=1.5
  - appdirs=1.4.4
  - appnope=0.1.2
  - argon2-cffi=20.1.0
  - argtable2=2.13
  - async_generator=1.10
  - attrs=20.3.0
  - backcall=0.2.0
  - biopython=1.78
  - blas=1.0
  - blast=2.10.1
  - bleach=3.2.1
  - brotlipy=0.7.0
  - bzip2=1.0.8
  - ca-certificates=2020.12.8
  - certifi=2020.12.5
  - cffi=1.14.4
  - cfgv=3.2.0
  - chardet=4.0.0
  - click=7.1.2
  - clustalo=1.2.4
  - collada2gltf=2.1.4
  - coverage=5.3.1
  - cryptography=3.3.1
  - curl=7.71.1
  - cycler=0.10.0
  - dbus=1.13.18
  - decorator=4.4.2
  - defusedxml=0.6.0
  - distlib=0.3.1
  - docutils=0.16
  - dssp=3.0.0
  - editdistance=0.5.3
  - entrez-direct=13.9
  - entrypoints=0.3
  - execnet=1.7.1
  - expat=2.2.10
  - filelock=3.0.12
  - freemol=1.158
  - freetype=2.10.4
  - future=0.18.2
  - gettext=0.19.8.1
  - glew=2.0.0
  - glib=2.66.1
  - h5py=2.10.0
  - hdf4=4.2.13
  - hdf5=1.10.4
  - icu=58.2
  - identify=1.5.11
  - idna=2.10
  - importlib-metadata=2.0.0
  - importlib_metadata=2.0.0
  - iniconfig=1.1.1
  - intel-openmp=2019.4
  - ipykernel=5.3.4
  - ipython=7.19.0
  - ipython_genutils=0.2.0
  - ipywidgets=7.6.0
  - jedi=0.18.0
  - jinja2=2.11.2
  - joblib=1.0.0
  - jpeg=9b
  - json5=0.9.5
  - jsonschema=3.2.0
  - jupyter=1.0.0
  - jupyter_client=6.1.7
  - jupyter_console=6.2.0
  - jupyter_core=4.7.0
  - jupyterlab=2.2.6
  - jupyterlab_pygments=0.1.2
  - jupyterlab_server=1.2.0
  - kiwisolver=1.3.0
  - krb5=1.18.2
  - lcms2=2.11
  - libboost=1.67.0
  - libcurl=7.71.1
  - libcxx=11.0.0
  - libedit=3.1.20191231
  - libffi=3.3
  - libgfortran=3.0.1
  - libholoplaycore=0.1.0_rc4
  - libiconv=1.16
  - libllvm10=10.0.1
  - libnetcdf=4.7.3
  - libopenblas=0.3.10
  - libpng=1.6.37
  - libsodium=1.0.18
  - libssh2=1.9.0
  - libtiff=4.1.0
  - libxml2=2.9.10
  - llvm-openmp=11.0.0
  - llvmlite=0.34.0
  - lockfile=0.12.2
  - luigi=2.8.9
  - lz4-c=1.9.2
  - markupsafe=1.1.1
  - matplotlib=3.3.2
  - matplotlib-base=3.3.2
  - mengine=1
  - mistune=0.8.4
  - mkl=2019.4
  - mkl-service=2.3.0
  - mkl_fft=1.2.0
  - mkl_random=1.1.1
  - more-itertools=8.6.0
  - mpeg_encode=1
  - mtz2ccp4_px=1.0
  - muscle=3.8.1551
  - mypy_extensions=0.4.3
  - nbclient=0.5.1
  - nbconvert=6.0.7
  - nbformat=5.0.8
  - ncurses=6.2
  - nest-asyncio=1.4.3
  - nodeenv=1.5.0
  - nodejs=10.13.0
  - notebook=6.1.6
  - numba=0.51.2
  - numpy=1.19.2
  - numpy-base=1.19.2
  - olefile=0.46
  - openssl=1.1.1i
  - packaging=20.8
  - pandas=1.1.5
  - pandoc=2.11
  - pandocfilters=1.4.3
  - parso=0.7.0
  - pathspec=0.7.0
  - pcre=8.44
  - pdb2pqr=2.1.2+pymol
  - perl=5.26.2
  - perl-archive-tar=2.32
  - perl-base=2.23
  - perl-business-isbn=3.004
  - perl-business-isbn-data=20140910.003
  - perl-carp=1.38
  - perl-common-sense=3.74
  - perl-compress-raw-bzip2=2.087
  - perl-compress-raw-zlib=2.087
  - perl-constant=1.33
  - perl-data-dumper=2.173
  - perl-digest-hmac=1.03
  - perl-digest-md5=2.55
  - perl-encode=2.88
  - perl-encode-locale=1.05
  - perl-exporter=5.72
  - perl-exporter-tiny=1.002001
  - perl-extutils-makemaker=7.36
  - perl-file-listing=6.04
  - perl-html-parser=3.72
  - perl-html-tagset=3.20
  - perl-html-tree=5.07
  - perl-http-cookies=6.04
  - perl-http-daemon=6.01
  - perl-http-date=6.02
  - perl-http-message=6.18
  - perl-http-negotiate=6.01
  - perl-io-compress=2.087
  - perl-io-html=1.001
  - perl-io-socket-ssl=2.066
  - perl-io-zlib=1.10
  - perl-json=4.02
  - perl-json-xs=2.34
  - perl-libwww-perl=6.39
  - perl-list-moreutils=0.428
  - perl-list-moreutils-xs=0.428
  - perl-lwp-mediatypes=6.04
  - perl-lwp-protocol-https=6.07
  - perl-mime-base64=3.15
  - perl-mozilla-ca=20180117
  - perl-net-http=6.19
  - perl-net-ssleay=1.88
  - perl-ntlm=1.09
  - perl-parent=0.236
  - perl-pathtools=3.75
  - perl-scalar-list-utils=1.52
  - perl-socket=2.027
  - perl-storable=3.15
  - perl-test-requiresinternet=0.05
  - perl-time-local=1.28
  - perl-try-tiny=0.30
  - perl-types-serialiser=1.0
  - perl-uri=1.76
  - perl-www-robotrules=6.02
  - perl-xml-namespacesupport=1.12
  - perl-xml-parser=2.44_01
  - perl-xml-sax=0.99
  - perl-xml-sax-base=1.09
  - perl-xml-sax-expat=0.51
  - perl-xml-simple=2.25
  - perl-xsloader=0.24
  - pexpect=4.8.0
  - pickleshare=0.7.5
  - pillow=8.0.1
  - pip=20.3.3
  - pluggy=0.13.1
  - pmw=2.0.1+3
  - pre-commit=2.9.3
  - prometheus_client=0.5.0
  - prompt-toolkit=3.0.8
  - prompt_toolkit=3.0.8
  - ptyprocess=0.6.0
  - py=1.10.0
  - py-cpuinfo=7.0.0
  - pycollada=0.6
  - pycparser=2.20
  - pygments=2.7.3
  - pykerberos=1.2.1
  - pymol=2.4.1
  - pymol-bundle=2.4.1
  - pymol-web-examples=2.4
  - pyopenssl=20.0.1
  - pyparsing=2.4.7
  - pyqt=5.9.2
  - pyrsistent=0.17.3
  - pysocks=1.7.1
  - pytest=6.2.1
  - pytest-benchmark=3.2.3
  - pytest-cov=2.10.1
  - pytest-forked=1.3.0
  - pytest-repeat=0.8.0
  - pytest-xdist=2.2.0
  - python=3.8.6
  - python-daemon=2.2.4
  - python-dateutil=2.8.1
  - python_abi=3.8
  - pytz=2020.5
  - pyyaml=5.3.1
  - pyzmq=20.0.0
  - qt=5.9.7
  - qtconsole=4.7.7
  - qtpy=1.9.0
  - readline=8.0
  - regex=2020.11.13
  - requests=2.25.1
  - rigimol=1.3
  - scikit-learn=0.23.2
  - scipy=1.5.2
  - send2trash=1.5.0
  - setuptools=51.0.0
  - sip=4.19.8
  - six=1.15.0
  - sqlite=3.34.0
  - terminado=0.9.1
  - testpath=0.4.4
  - threadpoolctl=2.1.0
  - tk=8.6.10
  - toml=0.10.1
  - tornado=5.1.1
  - tqdm=4.55.0
  - traitlets=5.0.5
  - typed-ast=1.4.1
  - typing_extensions=3.7.4.3
  - uncertainties=3.1.5
  - urllib3=1.26.2
  - virtualenv=20.2.2
  - wcwidth=0.2.5
  - webencodings=0.5.1
  - wheel=0.36.2
  - widgetsnbextension=3.5.1
  - xz=5.2.5
  - yaml=0.2.5
  - yattag=1.13.2
  - zeromq=4.3.3
  - zipp=3.4.0
  - zlib=1.2.11
  - zstd=1.4.5
  - pip:
    - autoflake==1.4
    - black==20.8b1
    - h11==0.11.0
    - httpcore==0.12.1
    - httpx==0.16.1
    - inflection==0.5.1
    - isort==5.6.4
    - markdown==3.3.3
    - nbmerge==0.0.4
    - pydantic==1.7.2
    - pyflakes==2.2.0
    - python-jsonschema-objects==0.3.13
    - rfc3986==1.4.0
    - shellingham==1.3.2
    - sniffio==1.2.0
    - stringcase==1.2.0
    - typer==0.3.2
    - typing-extensions==3.7.4.2
prefix: /Users/aviv/miniconda3/envs/proteins
